
Microsoft Visual Studio Solution File, Format Version 12.00
# Visual Studio Version 17
Project("{8BC9CEB8-8B4A-11D0-8D11-00A0C91BC942}") = "ALL_BUILD", "ALL_BUILD.vcxproj", "{68AAC2FD-B394-3773-A57A-6B9613EF6CBA}"
	ProjectSection(ProjectDependencies) = postProject
		{18191314-0621-3684-A569-A09CC8ED0EB8} = {18191314-0621-3684-A569-A09CC8ED0EB8}
		{EA643A72-C906-3883-846E-D89B315A4BE3} = {EA643A72-C906-3883-846E-D89B315A4BE3}
	EndProjectSection
EndProject
Project("{8BC9CEB8-8B4A-11D0-8D11-00A0C91BC942}") = "ZERO_CHECK", "ZERO_CHECK.vcxproj", "{18191314-0621-3684-A569-A09CC8ED0EB8}"
	ProjectSection(ProjectDependencies) = postProject
	EndProjectSection
EndProject
Project("{8BC9CEB8-8B4A-11D0-8D11-00A0C91BC942}") = "matrix", "matrix.vcxproj", "{EA643A72-C906-3883-846E-D89B315A4BE3}"
	ProjectSection(ProjectDependencies) = postProject
		{18191314-0621-3684-A569-A09CC8ED0EB8} = {18191314-0621-3684-A569-A09CC8ED0EB8}
	EndProjectSection
EndProject
Global
	GlobalSection(SolutionConfigurationPlatforms) = preSolution
		Debug|x64 = Debug|x64
		Release|x64 = Release|x64
		MinSizeRel|x64 = MinSizeRel|x64
		RelWithDebInfo|x64 = RelWithDebInfo|x64
	EndGlobalSection
	GlobalSection(ProjectConfigurationPlatforms) = postSolution
		{68AAC2FD-B394-3773-A57A-6B9613EF6CBA}.Debug|x64.ActiveCfg = Debug|x64
		{68AAC2FD-B394-3773-A57A-6B9613EF6CBA}.Release|x64.ActiveCfg = Release|x64
		{68AAC2FD-B394-3773-A57A-6B9613EF6CBA}.MinSizeRel|x64.ActiveCfg = MinSizeRel|x64
		{68AAC2FD-B394-3773-A57A-6B9613EF6CBA}.RelWithDebInfo|x64.ActiveCfg = RelWithDebInfo|x64
		{18191314-0621-3684-A569-A09CC8ED0EB8}.Debug|x64.ActiveCfg = Debug|x64
		{18191314-0621-3684-A569-A09CC8ED0EB8}.Debug|x64.Build.0 = Debug|x64
		{18191314-0621-3684-A569-A09CC8ED0EB8}.Release|x64.ActiveCfg = Release|x64
		{18191314-0621-3684-A569-A09CC8ED0EB8}.Release|x64.Build.0 = Release|x64
		{18191314-0621-3684-A569-A09CC8ED0EB8}.MinSizeRel|x64.ActiveCfg = MinSizeRel|x64
		{18191314-0621-3684-A569-A09CC8ED0EB8}.MinSizeRel|x64.Build.0 = MinSizeRel|x64
		{18191314-0621-3684-A569-A09CC8ED0EB8}.RelWithDebInfo|x64.ActiveCfg = RelWithDebInfo|x64
		{18191314-0621-3684-A569-A09CC8ED0EB8}.RelWithDebInfo|x64.Build.0 = RelWithDebInfo|x64
		{EA643A72-C906-3883-846E-D89B315A4BE3}.Debug|x64.ActiveCfg = Debug|x64
		{EA643A72-C906-3883-846E-D89B315A4BE3}.Debug|x64.Build.0 = Debug|x64
		{EA643A72-C906-3883-846E-D89B315A4BE3}.Release|x64.ActiveCfg = Release|x64
		{EA643A72-C906-3883-846E-D89B315A4BE3}.Release|x64.Build.0 = Release|x64
		{EA643A72-C906-3883-846E-D89B315A4BE3}.MinSizeRel|x64.ActiveCfg = MinSizeRel|x64
		{EA643A72-C906-3883-846E-D89B315A4BE3}.MinSizeRel|x64.Build.0 = MinSizeRel|x64
		{EA643A72-C906-3883-846E-D89B315A4BE3}.RelWithDebInfo|x64.ActiveCfg = RelWithDebInfo|x64
		{EA643A72-C906-3883-846E-D89B315A4BE3}.RelWithDebInfo|x64.Build.0 = RelWithDebInfo|x64
	EndGlobalSection
	GlobalSection(ExtensibilityGlobals) = postSolution
		SolutionGuid = {A30F9F90-EE0A-3B0C-A1EF-EB9E8023BDE2}
	EndGlobalSection
	GlobalSection(ExtensibilityAddIns) = postSolution
	EndGlobalSection
EndGlobal
